
Microsoft Visual Studio Solution File, Format Version 12.00
# Visual Studio 15
VisualStudioVersion = 15.0.27130.0
MinimumVisualStudioVersion = 10.0.40219.1
Project("{FAE04EC0-301F-11D3-BF4B-00C04F79EFBC}") = "LoopringProtocol", "LoopringProtocol\LoopringProtocol.csproj", "{7180EEAC-8D5B-4828-9AB4-46E22CD9B533}"
EndProject
Global
	GlobalSection(SolutionConfigurationPlatforms) = preSolution
		Debug|Any CPU = Debug|Any CPU
		Release|Any CPU = Release|Any CPU
	EndGlobalSection
	GlobalSection(ProjectConfigurationPlatforms) = postSolution
		{7180EEAC-8D5B-4828-9AB4-46E22CD9B533}.Debug|Any CPU.ActiveCfg = Debug|Any CPU
		{7180EEAC-8D5B-4828-9AB4-46E22CD9B533}.Debug|Any CPU.Build.0 = Debug|Any CPU
		{7180EEAC-8D5B-4828-9AB4-46E22CD9B533}.Release|Any CPU.ActiveCfg = Release|Any CPU
		{7180EEAC-8D5B-4828-9AB4-46E22CD9B533}.Release|Any CPU.Build.0 = Release|Any CPU
	EndGlobalSection
	GlobalSection(SolutionProperties) = preSolution
		HideSolutionNode = FALSE
	EndGlobalSection
	GlobalSection(ExtensibilityGlobals) = postSolution
		SolutionGuid = {AA260116-779B-4FDF-BA67-3CD6ACD789A0}
	EndGlobalSection
EndGlobal
